
Microsoft Visual Studio Solution File, Format Version 12.00
# Visual Studio 15
VisualStudioVersion = 15.0.28307.572
MinimumVisualStudioVersion = 10.0.40219.1
Project("{FAE04EC0-301F-11D3-BF4B-00C04F79EFBC}") = "APIHelper", "APIHelper\APIHelper.csproj", "{CA464EE8-BB31-4B43-B7CF-C2BE1B82977B}"
EndProject
Global
	GlobalSection(SolutionConfigurationPlatforms) = preSolution
		Debug|Any CPU = Debug|Any CPU
		Release|Any CPU = Release|Any CPU
	EndGlobalSection
	GlobalSection(ProjectConfigurationPlatforms) = postSolution
		{CA464EE8-BB31-4B43-B7CF-C2BE1B82977B}.Debug|Any CPU.ActiveCfg = Debug|Any CPU
		{CA464EE8-BB31-4B43-B7CF-C2BE1B82977B}.Debug|Any CPU.Build.0 = Debug|Any CPU
		{CA464EE8-BB31-4B43-B7CF-C2BE1B82977B}.Release|Any CPU.ActiveCfg = Release|Any CPU
		{CA464EE8-BB31-4B43-B7CF-C2BE1B82977B}.Release|Any CPU.Build.0 = Release|Any CPU
	EndGlobalSection
	GlobalSection(SolutionProperties) = preSolution
		HideSolutionNode = FALSE
	EndGlobalSection
	GlobalSection(ExtensibilityGlobals) = postSolution
		SolutionGuid = {B2DFE2D3-31D6-4F55-8923-4A6B8D174C2C}
	EndGlobalSection
EndGlobal
